
Microsoft Visual Studio Solution File, Format Version 12.00
# Visual Studio Version 16
VisualStudioVersion = 16.0.32413.511
MinimumVisualStudioVersion = 10.0.40219.1
Project("{F184B08F-C81C-45F6-A57F-5ABD9991F28F}") = "SuperMarketManagementSystem", "SuperMarketManagementSystem.vbproj", "{22CC3124-699E-458E-90B3-3F51577CE95F}"
EndProject
Global
	GlobalSection(SolutionConfigurationPlatforms) = preSolution
		Debug|Any CPU = Debug|Any CPU
		Release|Any CPU = Release|Any CPU
	EndGlobalSection
	GlobalSection(ProjectConfigurationPlatforms) = postSolution
		{22CC3124-699E-458E-90B3-3F51577CE95F}.Debug|Any CPU.ActiveCfg = Debug|Any CPU
		{22CC3124-699E-458E-90B3-3F51577CE95F}.Debug|Any CPU.Build.0 = Debug|Any CPU
		{22CC3124-699E-458E-90B3-3F51577CE95F}.Release|Any CPU.ActiveCfg = Release|Any CPU
		{22CC3124-699E-458E-90B3-3F51577CE95F}.Release|Any CPU.Build.0 = Release|Any CPU
	EndGlobalSection
	GlobalSection(SolutionProperties) = preSolution
		HideSolutionNode = FALSE
	EndGlobalSection
	GlobalSection(ExtensibilityGlobals) = postSolution
		SolutionGuid = {3B049C17-CF44-4E5C-8DC5-75EA14FC9812}
	EndGlobalSection
EndGlobal
